// !$*UTF8*$!
{
	archiveVersion = 1;
	classes = {
	};
	objectVersion = 55;
	objects = {

/* Begin PBXBuildFile section */
		6B05E090287B45D600AB8B5C /* ItemListModel.swift in Sources */ = {isa = PBXBuildFile; fileRef = 6B05E08F287B45D600AB8B5C /* ItemListModel.swift */; };
		6B05E092287B4BDC00AB8B5C /* ListViewModel.swift in Sources */ = {isa = PBXBuildFile; fileRef = 6B05E091287B4BDC00AB8B5C /* ListViewModel.swift */; };
		6B9CC67E287B27010003EE1A /* ToDoListView.swift in Sources */ = {isa = PBXBuildFile; fileRef = 6B9CC67D287B27010003EE1A /* ToDoListView.swift */; };
		6B9CC682287B2EB70003EE1A /* ToDoListRowView.swift in Sources */ = {isa = PBXBuildFile; fileRef = 6B9CC681287B2EB70003EE1A /* ToDoListRowView.swift */; };
		6BB220612879D1FF0005B7FA /* WorldTravelAppApp.swift in Sources */ = {isa = PBXBuildFile; fileRef = 6BB220602879D1FF0005B7FA /* WorldTravelAppApp.swift */; };
		6BB220632879D1FF0005B7FA /* ContentView.swift in Sources */ = {isa = PBXBuildFile; fileRef = 6BB220622879D1FF0005B7FA /* ContentView.swift */; };
		6BB220682879D2010005B7FA /* Preview Assets.xcassets in Resources */ = {isa = PBXBuildFile; fileRef = 6BB220672879D2010005B7FA /* Preview Assets.xcassets */; };
		6BB2206F2879D6B90005B7FA /* Assets.xcassets in Resources */ = {isa = PBXBuildFile; fileRef = 6BB2206E2879D6B90005B7FA /* Assets.xcassets */; };
		6BB220742879D7D50005B7FA /* Location.swift in Sources */ = {isa = PBXBuildFile; fileRef = 6BB220732879D7D50005B7FA /* Location.swift */; };
		6BB220772879D9110005B7FA /* LocationsDataService.swift in Sources */ = {isa = PBXBuildFile; fileRef = 6BB220762879D9110005B7FA /* LocationsDataService.swift */; };
		6BB220792879DB040005B7FA /* LocationsView.swift in Sources */ = {isa = PBXBuildFile; fileRef = 6BB220782879DB040005B7FA /* LocationsView.swift */; };
		6BB2207B2879DFA70005B7FA /* LocationsViewModel.swift in Sources */ = {isa = PBXBuildFile; fileRef = 6BB2207A2879DFA70005B7FA /* LocationsViewModel.swift */; };
		6BB2207D2879E89B0005B7FA /* LocationsListView.swift in Sources */ = {isa = PBXBuildFile; fileRef = 6BB2207C2879E89B0005B7FA /* LocationsListView.swift */; };
		6BB2207F2879F2000005B7FA /* LocationPreviewView.swift in Sources */ = {isa = PBXBuildFile; fileRef = 6BB2207E2879F2000005B7FA /* LocationPreviewView.swift */; };
		6BB22081287A093A0005B7FA /* LocationMapAnnotationView.swift in Sources */ = {isa = PBXBuildFile; fileRef = 6BB22080287A093A0005B7FA /* LocationMapAnnotationView.swift */; };
		6BB22083287A13FE0005B7FA /* LocationDetailView.swift in Sources */ = {isa = PBXBuildFile; fileRef = 6BB22082287A13FE0005B7FA /* LocationDetailView.swift */; };
		6BE3951B287B3AB300F42601 /* AddViewList.swift in Sources */ = {isa = PBXBuildFile; fileRef = 6BE3951A287B3AB300F42601 /* AddViewList.swift */; };
/* End PBXBuildFile section */

/* Begin PBXFileReference section */
		6B05E08F287B45D600AB8B5C /* ItemListModel.swift */ = {isa = PBXFileReference; lastKnownFileType = sourcecode.swift; path = ItemListModel.swift; sourceTree = "<group>"; };
		6B05E091287B4BDC00AB8B5C /* ListViewModel.swift */ = {isa = PBXFileReference; lastKnownFileType = sourcecode.swift; path = ListViewModel.swift; sourceTree = "<group>"; };
		6B9CC67C287A4BCD0003EE1A /* Info.plist */ = {isa = PBXFileReference; lastKnownFileType = text.plist; path = Info.plist; sourceTree = "<group>"; };
		6B9CC67D287B27010003EE1A /* ToDoListView.swift */ = {isa = PBXFileReference; lastKnownFileType = sourcecode.swift; path = ToDoListView.swift; sourceTree = "<group>"; };
		6B9CC681287B2EB70003EE1A /* ToDoListRowView.swift */ = {isa = PBXFileReference; lastKnownFileType = sourcecode.swift; path = ToDoListRowView.swift; sourceTree = "<group>"; };
		6BB2205D2879D1FF0005B7FA /* WorldTravelApp.app */ = {isa = PBXFileReference; explicitFileType = wrapper.application; includeInIndex = 0; path = WorldTravelApp.app; sourceTree = BUILT_PRODUCTS_DIR; };
		6BB220602879D1FF0005B7FA /* WorldTravelAppApp.swift */ = {isa = PBXFileReference; lastKnownFileType = sourcecode.swift; path = WorldTravelAppApp.swift; sourceTree = "<group>"; };
		6BB220622879D1FF0005B7FA /* ContentView.swift */ = {isa = PBXFileReference; lastKnownFileType = sourcecode.swift; path = ContentView.swift; sourceTree = "<group>"; };
		6BB220672879D2010005B7FA /* Preview Assets.xcassets */ = {isa = PBXFileReference; lastKnownFileType = folder.assetcatalog; path = "Preview Assets.xcassets"; sourceTree = "<group>"; };
		6BB2206E2879D6B90005B7FA /* Assets.xcassets */ = {isa = PBXFileReference; lastKnownFileType = folder.assetcatalog; name = Assets.xcassets; path = "../../../../Downloads/SwiftfulMapApp-Downloads/Assets.xcassets"; sourceTree = "<group>"; };
		6BB220732879D7D50005B7FA /* Location.swift */ = {isa = PBXFileReference; lastKnownFileType = sourcecode.swift; path = Location.swift; sourceTree = "<group>"; };
		6BB220762879D9110005B7FA /* LocationsDataService.swift */ = {isa = PBXFileReference; fileEncoding = 4; lastKnownFileType = sourcecode.swift; path = LocationsDataService.swift; sourceTree = "<group>"; };
		6BB220782879DB040005B7FA /* LocationsView.swift */ = {isa = PBXFileReference; lastKnownFileType = sourcecode.swift; path = LocationsView.swift; sourceTree = "<group>"; };
		6BB2207A2879DFA70005B7FA /* LocationsViewModel.swift */ = {isa = PBXFileReference; lastKnownFileType = sourcecode.swift; path = LocationsViewModel.swift; sourceTree = "<group>"; };
		6BB2207C2879E89B0005B7FA /* LocationsListView.swift */ = {isa = PBXFileReference; lastKnownFileType = sourcecode.swift; path = LocationsListView.swift; sourceTree = "<group>"; };
		6BB2207E2879F2000005B7FA /* LocationPreviewView.swift */ = {isa = PBXFileReference; lastKnownFileType = sourcecode.swift; path = LocationPreviewView.swift; sourceTree = "<group>"; };
		6BB22080287A093A0005B7FA /* LocationMapAnnotationView.swift */ = {isa = PBXFileReference; lastKnownFileType = sourcecode.swift; path = LocationMapAnnotationView.swift; sourceTree = "<group>"; };
		6BB22082287A13FE0005B7FA /* LocationDetailView.swift */ = {isa = PBXFileReference; lastKnownFileType = sourcecode.swift; path = LocationDetailView.swift; sourceTree = "<group>"; };
		6BE3951A287B3AB300F42601 /* AddViewList.swift */ = {isa = PBXFileReference; lastKnownFileType = sourcecode.swift; path = AddViewList.swift; sourceTree = "<group>"; };
/* End PBXFileReference section */

/* Begin PBXFrameworksBuildPhase section */
		6BB2205A2879D1FF0005B7FA /* Frameworks */ = {
			isa = PBXFrameworksBuildPhase;
			buildActionMask = 2147483647;
			files = (
			);
			runOnlyForDeploymentPostprocessing = 0;
		};
/* End PBXFrameworksBuildPhase section */

/* Begin PBXGroup section */
		6BB220542879D1FF0005B7FA = {
			isa = PBXGroup;
			children = (
				6BB220602879D1FF0005B7FA /* WorldTravelAppApp.swift */,
				6BB220622879D1FF0005B7FA /* ContentView.swift */,
				6BB220752879D8C10005B7FA /* DataServices */,
				6BB220722879D7AB0005B7FA /* ViewModels */,
				6BB220712879D7A40005B7FA /* Views */,
				6BB220702879D79D0005B7FA /* Models */,
				6BB2205F2879D1FF0005B7FA /* WorldTravelApp */,
				6BB2205E2879D1FF0005B7FA /* Products */,
			);
			sourceTree = "<group>";
		};
		6BB2205E2879D1FF0005B7FA /* Products */ = {
			isa = PBXGroup;
			children = (
				6BB2205D2879D1FF0005B7FA /* WorldTravelApp.app */,
			);
			name = Products;
			sourceTree = "<group>";
		};
		6BB2205F2879D1FF0005B7FA /* WorldTravelApp */ = {
			isa = PBXGroup;
			children = (
				6B9CC67C287A4BCD0003EE1A /* Info.plist */,
				6BB2206E2879D6B90005B7FA /* Assets.xcassets */,
				6BB220662879D2010005B7FA /* Preview Content */,
			);
			path = WorldTravelApp;
			sourceTree = "<group>";
		};
		6BB220662879D2010005B7FA /* Preview Content */ = {
			isa = PBXGroup;
			children = (
				6BB220672879D2010005B7FA /* Preview Assets.xcassets */,
			);
			path = "Preview Content";
			sourceTree = "<group>";
		};
		6BB220702879D79D0005B7FA /* Models */ = {
			isa = PBXGroup;
			children = (
				6BB220732879D7D50005B7FA /* Location.swift */,
				6B05E08F287B45D600AB8B5C /* ItemListModel.swift */,
			);
			path = Models;
			sourceTree = "<group>";
		};
		6BB220712879D7A40005B7FA /* Views */ = {
			isa = PBXGroup;
			children = (
				6BB220782879DB040005B7FA /* LocationsView.swift */,
				6BB2207C2879E89B0005B7FA /* LocationsListView.swift */,
				6BB2207E2879F2000005B7FA /* LocationPreviewView.swift */,
				6BB22080287A093A0005B7FA /* LocationMapAnnotationView.swift */,
				6BB22082287A13FE0005B7FA /* LocationDetailView.swift */,
				6B9CC67D287B27010003EE1A /* ToDoListView.swift */,
				6B9CC681287B2EB70003EE1A /* ToDoListRowView.swift */,
				6BE3951A287B3AB300F42601 /* AddViewList.swift */,
			);
			path = Views;
			sourceTree = "<group>";
		};
		6BB220722879D7AB0005B7FA /* ViewModels */ = {
			isa = PBXGroup;
			children = (
				6BB2207A2879DFA70005B7FA /* LocationsViewModel.swift */,
				6B05E091287B4BDC00AB8B5C /* ListViewModel.swift */,
			);
			path = ViewModels;
			sourceTree = "<group>";
		};
		6BB220752879D8C10005B7FA /* DataServices */ = {
			isa = PBXGroup;
			children = (
				6BB220762879D9110005B7FA /* LocationsDataService.swift */,
			);
			path = DataServices;
			sourceTree = "<group>";
		};
/* End PBXGroup section */

/* Begin PBXNativeTarget section */
		6BB2205C2879D1FF0005B7FA /* WorldTravelApp */ = {
			isa = PBXNativeTarget;
			buildConfigurationList = 6BB2206B2879D2010005B7FA /* Build configuration list for PBXNativeTarget "WorldTravelApp" */;
			buildPhases = (
				6BB220592879D1FF0005B7FA /* Sources */,
				6BB2205A2879D1FF0005B7FA /* Frameworks */,
				6BB2205B2879D1FF0005B7FA /* Resources */,
			);
			buildRules = (
			);
			dependencies = (
			);
			name = WorldTravelApp;
			productName = WorldTravelApp;
			productReference = 6BB2205D2879D1FF0005B7FA /* WorldTravelApp.app */;
			productType = "com.apple.product-type.application";
		};
/* End PBXNativeTarget section */

/* Begin PBXProject section */
		6BB220552879D1FF0005B7FA /* Project object */ = {
			isa = PBXProject;
			attributes = {
				BuildIndependentTargetsInParallel = 1;
				LastSwiftUpdateCheck = 1320;
				LastUpgradeCheck = 1320;
				TargetAttributes = {
					6BB2205C2879D1FF0005B7FA = {
						CreatedOnToolsVersion = 13.2.1;
					};
				};
			};
			buildConfigurationList = 6BB220582879D1FF0005B7FA /* Build configuration list for PBXProject "WorldTravelApp" */;
			compatibilityVersion = "Xcode 13.0";
			developmentRegion = en;
			hasScannedForEncodings = 0;
			knownRegions = (
				en,
				Base,
			);
			mainGroup = 6BB220542879D1FF0005B7FA;
			productRefGroup = 6BB2205E2879D1FF0005B7FA /* Products */;
			projectDirPath = "";
			projectRoot = "";
			targets = (
				6BB2205C2879D1FF0005B7FA /* WorldTravelApp */,
			);
		};
/* End PBXProject section */

/* Begin PBXResourcesBuildPhase section */
		6BB2205B2879D1FF0005B7FA /* Resources */ = {
			isa = PBXResourcesBuildPhase;
			buildActionMask = 2147483647;
			files = (
				6BB2206F2879D6B90005B7FA /* Assets.xcassets in Resources */,
				6BB220682879D2010005B7FA /* Preview Assets.xcassets in Resources */,
			);
			runOnlyForDeploymentPostprocessing = 0;
		};
/* End PBXResourcesBuildPhase section */

/* Begin PBXSourcesBuildPhase section */
		6BB220592879D1FF0005B7FA /* Sources */ = {
			isa = PBXSourcesBuildPhase;
			buildActionMask = 2147483647;
			files = (
				6BB220772879D9110005B7FA /* LocationsDataService.swift in Sources */,
				6BE3951B287B3AB300F42601 /* AddViewList.swift in Sources */,
				6BB22081287A093A0005B7FA /* LocationMapAnnotationView.swift in Sources */,
				6BB2207D2879E89B0005B7FA /* LocationsListView.swift in Sources */,
				6BB2207F2879F2000005B7FA /* LocationPreviewView.swift in Sources */,
				6B05E092287B4BDC00AB8B5C /* ListViewModel.swift in Sources */,
				6BB2207B2879DFA70005B7FA /* LocationsViewModel.swift in Sources */,
				6BB220632879D1FF0005B7FA /* ContentView.swift in Sources */,
				6BB220792879DB040005B7FA /* LocationsView.swift in Sources */,
				6B9CC67E287B27010003EE1A /* ToDoListView.swift in Sources */,
				6BB220742879D7D50005B7FA /* Location.swift in Sources */,
				6B05E090287B45D600AB8B5C /* ItemListModel.swift in Sources */,
				6BB22083287A13FE0005B7FA /* LocationDetailView.swift in Sources */,
				6BB220612879D1FF0005B7FA /* WorldTravelAppApp.swift in Sources */,
				6B9CC682287B2EB70003EE1A /* ToDoListRowView.swift in Sources */,
			);
			runOnlyForDeploymentPostprocessing = 0;
		};
/* End PBXSourcesBuildPhase section */

/* Begin XCBuildConfiguration section */
		6BB220692879D2010005B7FA /* Debug */ = {
			isa = XCBuildConfiguration;
			buildSettings = {
				ALWAYS_SEARCH_USER_PATHS = NO;
				CLANG_ANALYZER_NONNULL = YES;
				CLANG_ANALYZER_NUMBER_OBJECT_CONVERSION = YES_AGGRESSIVE;
				CLANG_CXX_LANGUAGE_STANDARD = "gnu++17";
				CLANG_CXX_LIBRARY = "libc++";
				CLANG_ENABLE_MODULES = YES;
				CLANG_ENABLE_OBJC_ARC = YES;
				CLANG_ENABLE_OBJC_WEAK = YES;
				CLANG_WARN_BLOCK_CAPTURE_AUTORELEASING = YES;
				CLANG_WARN_BOOL_CONVERSION = YES;
				CLANG_WARN_COMMA = YES;
				CLANG_WARN_CONSTANT_CONVERSION = YES;
				CLANG_WARN_DEPRECATED_OBJC_IMPLEMENTATIONS = YES;
				CLANG_WARN_DIRECT_OBJC_ISA_USAGE = YES_ERROR;
				CLANG_WARN_DOCUMENTATION_COMMENTS = YES;
				CLANG_WARN_EMPTY_BODY = YES;
				CLANG_WARN_ENUM_CONVERSION = YES;
				CLANG_WARN_INFINITE_RECURSION = YES;
				CLANG_WARN_INT_CONVERSION = YES;
				CLANG_WARN_NON_LITERAL_NULL_CONVERSION = YES;
				CLANG_WARN_OBJC_IMPLICIT_RETAIN_SELF = YES;
				CLANG_WARN_OBJC_LITERAL_CONVERSION = YES;
				CLANG_WARN_OBJC_ROOT_CLASS = YES_ERROR;
				CLANG_WARN_QUOTED_INCLUDE_IN_FRAMEWORK_HEADER = YES;
				CLANG_WARN_RANGE_LOOP_ANALYSIS = YES;
				CLANG_WARN_STRICT_PROTOTYPES = YES;
				CLANG_WARN_SUSPICIOUS_MOVE = YES;
				CLANG_WARN_UNGUARDED_AVAILABILITY = YES_AGGRESSIVE;
				CLANG_WARN_UNREACHABLE_CODE = YES;
				CLANG_WARN__DUPLICATE_METHOD_MATCH = YES;
				COPY_PHASE_STRIP = NO;
				DEBUG_INFORMATION_FORMAT = dwarf;
				ENABLE_STRICT_OBJC_MSGSEND = YES;
				ENABLE_TESTABILITY = YES;
				GCC_C_LANGUAGE_STANDARD = gnu11;
				GCC_DYNAMIC_NO_PIC = NO;
				GCC_NO_COMMON_BLOCKS = YES;
				GCC_OPTIMIZATION_LEVEL = 0;
				GCC_PREPROCESSOR_DEFINITIONS = (
					"DEBUG=1",
					"$(inherited)",
				);
				GCC_WARN_64_TO_32_BIT_CONVERSION = YES;
				GCC_WARN_ABOUT_RETURN_TYPE = YES_ERROR;
				GCC_WARN_UNDECLARED_SELECTOR = YES;
				GCC_WARN_UNINITIALIZED_AUTOS = YES_AGGRESSIVE;
				GCC_WARN_UNUSED_FUNCTION = YES;
				GCC_WARN_UNUSED_VARIABLE = YES;
				IPHONEOS_DEPLOYMENT_TARGET = 15.2;
				MTL_ENABLE_DEBUG_INFO = INCLUDE_SOURCE;
				MTL_FAST_MATH = YES;
				ONLY_ACTIVE_ARCH = YES;
				SDKROOT = iphoneos;
				SWIFT_ACTIVE_COMPILATION_CONDITIONS = DEBUG;
				SWIFT_OPTIMIZATION_LEVEL = "-Onone";
			};
			name = Debug;
		};
		6BB2206A2879D2010005B7FA /* Release */ = {
			isa = XCBuildConfiguration;
			buildSettings = {
				ALWAYS_SEARCH_USER_PATHS = NO;
				CLANG_ANALYZER_NONNULL = YES;
				CLANG_ANALYZER_NUMBER_OBJECT_CONVERSION = YES_AGGRESSIVE;
				CLANG_CXX_LANGUAGE_STANDARD = "gnu++17";
				CLANG_CXX_LIBRARY = "libc++";
				CLANG_ENABLE_MODULES = YES;
				CLANG_ENABLE_OBJC_ARC = YES;
				CLANG_ENABLE_OBJC_WEAK = YES;
				CLANG_WARN_BLOCK_CAPTURE_AUTORELEASING = YES;
				CLANG_WARN_BOOL_CONVERSION = YES;
				CLANG_WARN_COMMA = YES;
				CLANG_WARN_CONSTANT_CONVERSION = YES;
				CLANG_WARN_DEPRECATED_OBJC_IMPLEMENTATIONS = YES;
				CLANG_WARN_DIRECT_OBJC_ISA_USAGE = YES_ERROR;
				CLANG_WARN_DOCUMENTATION_COMMENTS = YES;
				CLANG_WARN_EMPTY_BODY = YES;
				CLANG_WARN_ENUM_CONVERSION = YES;
				CLANG_WARN_INFINITE_RECURSION = YES;
				CLANG_WARN_INT_CONVERSION = YES;
				CLANG_WARN_NON_LITERAL_NULL_CONVERSION = YES;
				CLANG_WARN_OBJC_IMPLICIT_RETAIN_SELF = YES;
				CLANG_WARN_OBJC_LITERAL_CONVERSION = YES;
				CLANG_WARN_OBJC_ROOT_CLASS = YES_ERROR;
				CLANG_WARN_QUOTED_INCLUDE_IN_FRAMEWORK_HEADER = YES;
				CLANG_WARN_RANGE_LOOP_ANALYSIS = YES;
				CLANG_WARN_STRICT_PROTOTYPES = YES;
				CLANG_WARN_SUSPICIOUS_MOVE = YES;
				CLANG_WARN_UNGUARDED_AVAILABILITY = YES_AGGRESSIVE;
				CLANG_WARN_UNREACHABLE_CODE = YES;
				CLANG_WARN__DUPLICATE_METHOD_MATCH = YES;
				COPY_PHASE_STRIP = NO;
				DEBUG_INFORMATION_FORMAT = "dwarf-with-dsym";
				ENABLE_NS_ASSERTIONS = NO;
				ENABLE_STRICT_OBJC_MSGSEND = YES;
				GCC_C_LANGUAGE_STANDARD = gnu11;
				GCC_NO_COMMON_BLOCKS = YES;
				GCC_WARN_64_TO_32_BIT_CONVERSION = YES;
				GCC_WARN_ABOUT_RETURN_TYPE = YES_ERROR;
				GCC_WARN_UNDECLARED_SELECTOR = YES;
				GCC_WARN_UNINITIALIZED_AUTOS = YES_AGGRESSIVE;
				GCC_WARN_UNUSED_FUNCTION = YES;
				GCC_WARN_UNUSED_VARIABLE = YES;
				IPHONEOS_DEPLOYMENT_TARGET = 15.2;
				MTL_ENABLE_DEBUG_INFO = NO;
				MTL_FAST_MATH = YES;
				SDKROOT = iphoneos;
				SWIFT_COMPILATION_MODE = wholemodule;
				SWIFT_OPTIMIZATION_LEVEL = "-O";
				VALIDATE_PRODUCT = YES;
			};
			name = Release;
		};
		6BB2206C2879D2010005B7FA /* Debug */ = {
			isa = XCBuildConfiguration;
			buildSettings = {
				ASSETCATALOG_COMPILER_APPICON_NAME = AppIcon;
				ASSETCATALOG_COMPILER_GLOBAL_ACCENT_COLOR_NAME = AccentColor;
				CODE_SIGN_STYLE = Automatic;
				CURRENT_PROJECT_VERSION = 1;
				DEVELOPMENT_ASSET_PATHS = "\"WorldTravelApp/Preview Content\"";
				DEVELOPMENT_TEAM = 33T4V24A4D;
				ENABLE_PREVIEWS = YES;
				GENERATE_INFOPLIST_FILE = YES;
				INFOPLIST_FILE = WorldTravelApp/Info.plist;
				INFOPLIST_KEY_UIApplicationSceneManifest_Generation = YES;
				INFOPLIST_KEY_UIApplicationSupportsIndirectInputEvents = YES;
				INFOPLIST_KEY_UISupportedInterfaceOrientations = UIInterfaceOrientationPortrait;
				INFOPLIST_KEY_UISupportedInterfaceOrientations_iPad = "UIInterfaceOrientationPortrait UIInterfaceOrientationPortraitUpsideDown UIInterfaceOrientationLandscapeLeft UIInterfaceOrientationLandscapeRight";
				INFOPLIST_KEY_UISupportedInterfaceOrientations_iPhone = UIInterfaceOrientationPortrait;
				LD_RUNPATH_SEARCH_PATHS = (
					"$(inherited)",
					"@executable_path/Frameworks",
				);
				MARKETING_VERSION = 1.0;
				PRODUCT_BUNDLE_IDENTIFIER = "com.codewithluane.swift-demo.WorldTravelApp";
				PRODUCT_NAME = "$(TARGET_NAME)";
				SWIFT_EMIT_LOC_STRINGS = YES;
				SWIFT_VERSION = 5.0;
				TARGETED_DEVICE_FAMILY = "1,2";
			};
			name = Debug;
		};
		6BB2206D2879D2010005B7FA /* Release */ = {
			isa = XCBuildConfiguration;
			buildSettings = {
				ASSETCATALOG_COMPILER_APPICON_NAME = AppIcon;
				ASSETCATALOG_COMPILER_GLOBAL_ACCENT_COLOR_NAME = AccentColor;
				CODE_SIGN_STYLE = Automatic;
				CURRENT_PROJECT_VERSION = 1;
				DEVELOPMENT_ASSET_PATHS = "\"WorldTravelApp/Preview Content\"";
				DEVELOPMENT_TEAM = 33T4V24A4D;
				ENABLE_PREVIEWS = YES;
				GENERATE_INFOPLIST_FILE = YES;
				INFOPLIST_FILE = WorldTravelApp/Info.plist;
				INFOPLIST_KEY_UIApplicationSceneManifest_Generation = YES;
				INFOPLIST_KEY_UIApplicationSupportsIndirectInputEvents = YES;
				INFOPLIST_KEY_UISupportedInterfaceOrientations = UIInterfaceOrientationPortrait;
				INFOPLIST_KEY_UISupportedInterfaceOrientations_iPad = "UIInterfaceOrientationPortrait UIInterfaceOrientationPortraitUpsideDown UIInterfaceOrientationLandscapeLeft UIInterfaceOrientationLandscapeRight";
				INFOPLIST_KEY_UISupportedInterfaceOrientations_iPhone = UIInterfaceOrientationPortrait;
				LD_RUNPATH_SEARCH_PATHS = (
					"$(inherited)",
					"@executable_path/Frameworks",
				);
				MARKETING_VERSION = 1.0;
				PRODUCT_BUNDLE_IDENTIFIER = "com.codewithluane.swift-demo.WorldTravelApp";
				PRODUCT_NAME = "$(TARGET_NAME)";
				SWIFT_EMIT_LOC_STRINGS = YES;
				SWIFT_VERSION = 5.0;
				TARGETED_DEVICE_FAMILY = "1,2";
			};
			name = Release;
		};
/* End XCBuildConfiguration section */

/* Begin XCConfigurationList section */
		6BB220582879D1FF0005B7FA /* Build configuration list for PBXProject "WorldTravelApp" */ = {
			isa = XCConfigurationList;
			buildConfigurations = (
				6BB220692879D2010005B7FA /* Debug */,
				6BB2206A2879D2010005B7FA /* Release */,
			);
			defaultConfigurationIsVisible = 0;
			defaultConfigurationName = Release;
		};
		6BB2206B2879D2010005B7FA /* Build configuration list for PBXNativeTarget "WorldTravelApp" */ = {
			isa = XCConfigurationList;
			buildConfigurations = (
				6BB2206C2879D2010005B7FA /* Debug */,
				6BB2206D2879D2010005B7FA /* Release */,
			);
			defaultConfigurationIsVisible = 0;
			defaultConfigurationName = Release;
		};
/* End XCConfigurationList section */
	};
	rootObject = 6BB220552879D1FF0005B7FA /* Project object */;
}
